
Microsoft Visual Studio Solution File, Format Version 12.00
# Visual Studio Version 17
VisualStudioVersion = 17.11.35327.3
MinimumVisualStudioVersion = 10.0.40219.1
Project("{9A19103F-16F7-4668-BE54-9A1E7A4F7556}") = "WebAPI", "WebAPI\WebAPI.csproj", "{D614247C-C601-4BD5-9763-538A69BC5AA4}"
EndProject
Project("{9A19103F-16F7-4668-BE54-9A1E7A4F7556}") = "BlazorClient", "BlazorClient\BlazorClient.csproj", "{CD90C28B-9283-47CA-8CB5-D6F09FE0EC57}"
EndProject
Global
	GlobalSection(SolutionConfigurationPlatforms) = preSolution
		Debug|Any CPU = Debug|Any CPU
		Release|Any CPU = Release|Any CPU
	EndGlobalSection
	GlobalSection(ProjectConfigurationPlatforms) = postSolution
		{D614247C-C601-4BD5-9763-538A69BC5AA4}.Debug|Any CPU.ActiveCfg = Debug|Any CPU
		{D614247C-C601-4BD5-9763-538A69BC5AA4}.Debug|Any CPU.Build.0 = Debug|Any CPU
		{D614247C-C601-4BD5-9763-538A69BC5AA4}.Release|Any CPU.ActiveCfg = Release|Any CPU
		{D614247C-C601-4BD5-9763-538A69BC5AA4}.Release|Any CPU.Build.0 = Release|Any CPU
		{CD90C28B-9283-47CA-8CB5-D6F09FE0EC57}.Debug|Any CPU.ActiveCfg = Debug|Any CPU
		{CD90C28B-9283-47CA-8CB5-D6F09FE0EC57}.Debug|Any CPU.Build.0 = Debug|Any CPU
		{CD90C28B-9283-47CA-8CB5-D6F09FE0EC57}.Release|Any CPU.ActiveCfg = Release|Any CPU
		{CD90C28B-9283-47CA-8CB5-D6F09FE0EC57}.Release|Any CPU.Build.0 = Release|Any CPU
	EndGlobalSection
	GlobalSection(SolutionProperties) = preSolution
		HideSolutionNode = FALSE
	EndGlobalSection
	GlobalSection(ExtensibilityGlobals) = postSolution
		SolutionGuid = {4FE2EE42-B26E-4820-8FAB-3FA96B7F2179}
	EndGlobalSection
EndGlobal
